
Microsoft Visual Studio Solution File, Format Version 12.00
# Visual Studio 14
VisualStudioVersion = 14.0.25420.1
MinimumVisualStudioVersion = 10.0.40219.1
Project("{2150E333-8FDC-42A3-9474-1A3956D46DE8}") = "Onion Architecture", "Onion Architecture", "{1726787D-6DCC-42B2-91B6-AE569B1EA595}"
EndProject
Project("{2150E333-8FDC-42A3-9474-1A3956D46DE8}") = "N Layers Architecture", "N Layers Architecture", "{9C88CC9B-AF67-4236-92C0-D6B216931AA8}"
EndProject
Project("{2150E333-8FDC-42A3-9474-1A3956D46DE8}") = "Monolith Architecture", "Monolith Architecture", "{B29E690F-7253-4330-8B88-2252820B205B}"
EndProject
Project("{FAE04EC0-301F-11D3-BF4B-00C04F79EFBC}") = "OnionApp", "OnionApp\OnionApp.csproj", "{0D1E53A6-8C20-485A-B6B9-76684F071C5B}"
EndProject
Project("{FAE04EC0-301F-11D3-BF4B-00C04F79EFBC}") = "OnionApp.Domain.Core", "OnionApp.Domain.Core\OnionApp.Domain.Core.csproj", "{0C7E0BAB-3335-4217-A83D-9B9DF0C727F4}"
EndProject
Project("{2150E333-8FDC-42A3-9474-1A3956D46DE8}") = "Domain", "Domain", "{6E91DAD2-D6DD-4016-8C2A-C4D046792DC8}"
EndProject
Project("{FAE04EC0-301F-11D3-BF4B-00C04F79EFBC}") = "OnionApp.Domain.Interfaces", "OnionApp.Domain.Interfaces\OnionApp.Domain.Interfaces.csproj", "{18E4713E-8761-4686-B18E-70CF3D5A452C}"
EndProject
Project("{2150E333-8FDC-42A3-9474-1A3956D46DE8}") = "Services", "Services", "{C1DF6A24-DCA6-4F6F-ADEF-64502C77017B}"
EndProject
Project("{FAE04EC0-301F-11D3-BF4B-00C04F79EFBC}") = "OnionApp.Services.Interfaces", "OnionApp.Services.Interfaces\OnionApp.Services.Interfaces.csproj", "{93C7563C-8D33-4886-99A8-34922CD345F8}"
EndProject
Project("{2150E333-8FDC-42A3-9474-1A3956D46DE8}") = "Infrastructure", "Infrastructure", "{1620A7C1-1ECA-46E9-9548-CAD3465B214C}"
EndProject
Project("{FAE04EC0-301F-11D3-BF4B-00C04F79EFBC}") = "OnionApp.Infrastructure.Data", "OnionApp.Infrastructure.Data\OnionApp.Infrastructure.Data.csproj", "{CBAF4730-E1BD-47CA-8550-F650AAC54A2B}"
EndProject
Project("{FAE04EC0-301F-11D3-BF4B-00C04F79EFBC}") = "OnionApp.Infrastructure.Business", "OnionApp.Infrastructure.Business\OnionApp.Infrastructure.Business.csproj", "{ACAF0223-B237-4867-B1D3-FC31BB33C766}"
EndProject
Project("{FAE04EC0-301F-11D3-BF4B-00C04F79EFBC}") = "NLayerApp.WEB", "NLayerApp.Web\NLayerApp.WEB.csproj", "{699B6F4F-96F5-4A11-9E92-36EA2899F7AE}"
EndProject
Project("{FAE04EC0-301F-11D3-BF4B-00C04F79EFBC}") = "MonolithMVCApp", "MonolithMVCApp\MonolithMVCApp.csproj", "{F5FD7578-DD15-447A-951B-ECF4DE8C5922}"
EndProject
Project("{FAE04EC0-301F-11D3-BF4B-00C04F79EFBC}") = "NLayerApp.DAL", "NLayerApp.DAL\NLayerApp.DAL.csproj", "{D6C51402-653A-40B4-9AD3-2C084C37B419}"
EndProject
Project("{FAE04EC0-301F-11D3-BF4B-00C04F79EFBC}") = "NLayerApp.BLL", "NLayerApp.BLL\NLayerApp.BLL.csproj", "{456E0E09-43B5-47C0-8F63-A710A04E2A99}"
EndProject
Global
	GlobalSection(SolutionConfigurationPlatforms) = preSolution
		Debug|Any CPU = Debug|Any CPU
		Release|Any CPU = Release|Any CPU
	EndGlobalSection
	GlobalSection(ProjectConfigurationPlatforms) = postSolution
		{0D1E53A6-8C20-485A-B6B9-76684F071C5B}.Debug|Any CPU.ActiveCfg = Debug|Any CPU
		{0D1E53A6-8C20-485A-B6B9-76684F071C5B}.Debug|Any CPU.Build.0 = Debug|Any CPU
		{0D1E53A6-8C20-485A-B6B9-76684F071C5B}.Release|Any CPU.ActiveCfg = Release|Any CPU
		{0D1E53A6-8C20-485A-B6B9-76684F071C5B}.Release|Any CPU.Build.0 = Release|Any CPU
		{0C7E0BAB-3335-4217-A83D-9B9DF0C727F4}.Debug|Any CPU.ActiveCfg = Debug|Any CPU
		{0C7E0BAB-3335-4217-A83D-9B9DF0C727F4}.Debug|Any CPU.Build.0 = Debug|Any CPU
		{0C7E0BAB-3335-4217-A83D-9B9DF0C727F4}.Release|Any CPU.ActiveCfg = Release|Any CPU
		{0C7E0BAB-3335-4217-A83D-9B9DF0C727F4}.Release|Any CPU.Build.0 = Release|Any CPU
		{18E4713E-8761-4686-B18E-70CF3D5A452C}.Debug|Any CPU.ActiveCfg = Debug|Any CPU
		{18E4713E-8761-4686-B18E-70CF3D5A452C}.Debug|Any CPU.Build.0 = Debug|Any CPU
		{18E4713E-8761-4686-B18E-70CF3D5A452C}.Release|Any CPU.ActiveCfg = Release|Any CPU
		{18E4713E-8761-4686-B18E-70CF3D5A452C}.Release|Any CPU.Build.0 = Release|Any CPU
		{93C7563C-8D33-4886-99A8-34922CD345F8}.Debug|Any CPU.ActiveCfg = Debug|Any CPU
		{93C7563C-8D33-4886-99A8-34922CD345F8}.Debug|Any CPU.Build.0 = Debug|Any CPU
		{93C7563C-8D33-4886-99A8-34922CD345F8}.Release|Any CPU.ActiveCfg = Release|Any CPU
		{93C7563C-8D33-4886-99A8-34922CD345F8}.Release|Any CPU.Build.0 = Release|Any CPU
		{CBAF4730-E1BD-47CA-8550-F650AAC54A2B}.Debug|Any CPU.ActiveCfg = Debug|Any CPU
		{CBAF4730-E1BD-47CA-8550-F650AAC54A2B}.Debug|Any CPU.Build.0 = Debug|Any CPU
		{CBAF4730-E1BD-47CA-8550-F650AAC54A2B}.Release|Any CPU.ActiveCfg = Release|Any CPU
		{CBAF4730-E1BD-47CA-8550-F650AAC54A2B}.Release|Any CPU.Build.0 = Release|Any CPU
		{ACAF0223-B237-4867-B1D3-FC31BB33C766}.Debug|Any CPU.ActiveCfg = Debug|Any CPU
		{ACAF0223-B237-4867-B1D3-FC31BB33C766}.Debug|Any CPU.Build.0 = Debug|Any CPU
		{ACAF0223-B237-4867-B1D3-FC31BB33C766}.Release|Any CPU.ActiveCfg = Release|Any CPU
		{ACAF0223-B237-4867-B1D3-FC31BB33C766}.Release|Any CPU.Build.0 = Release|Any CPU
		{699B6F4F-96F5-4A11-9E92-36EA2899F7AE}.Debug|Any CPU.ActiveCfg = Debug|Any CPU
		{699B6F4F-96F5-4A11-9E92-36EA2899F7AE}.Debug|Any CPU.Build.0 = Debug|Any CPU
		{699B6F4F-96F5-4A11-9E92-36EA2899F7AE}.Release|Any CPU.ActiveCfg = Release|Any CPU
		{699B6F4F-96F5-4A11-9E92-36EA2899F7AE}.Release|Any CPU.Build.0 = Release|Any CPU
		{F5FD7578-DD15-447A-951B-ECF4DE8C5922}.Debug|Any CPU.ActiveCfg = Debug|Any CPU
		{F5FD7578-DD15-447A-951B-ECF4DE8C5922}.Debug|Any CPU.Build.0 = Debug|Any CPU
		{F5FD7578-DD15-447A-951B-ECF4DE8C5922}.Release|Any CPU.ActiveCfg = Release|Any CPU
		{F5FD7578-DD15-447A-951B-ECF4DE8C5922}.Release|Any CPU.Build.0 = Release|Any CPU
		{D6C51402-653A-40B4-9AD3-2C084C37B419}.Debug|Any CPU.ActiveCfg = Debug|Any CPU
		{D6C51402-653A-40B4-9AD3-2C084C37B419}.Debug|Any CPU.Build.0 = Debug|Any CPU
		{D6C51402-653A-40B4-9AD3-2C084C37B419}.Release|Any CPU.ActiveCfg = Release|Any CPU
		{D6C51402-653A-40B4-9AD3-2C084C37B419}.Release|Any CPU.Build.0 = Release|Any CPU
		{456E0E09-43B5-47C0-8F63-A710A04E2A99}.Debug|Any CPU.ActiveCfg = Debug|Any CPU
		{456E0E09-43B5-47C0-8F63-A710A04E2A99}.Debug|Any CPU.Build.0 = Debug|Any CPU
		{456E0E09-43B5-47C0-8F63-A710A04E2A99}.Release|Any CPU.ActiveCfg = Release|Any CPU
		{456E0E09-43B5-47C0-8F63-A710A04E2A99}.Release|Any CPU.Build.0 = Release|Any CPU
	EndGlobalSection
	GlobalSection(SolutionProperties) = preSolution
		HideSolutionNode = FALSE
	EndGlobalSection
	GlobalSection(NestedProjects) = preSolution
		{0D1E53A6-8C20-485A-B6B9-76684F071C5B} = {1726787D-6DCC-42B2-91B6-AE569B1EA595}
		{0C7E0BAB-3335-4217-A83D-9B9DF0C727F4} = {6E91DAD2-D6DD-4016-8C2A-C4D046792DC8}
		{6E91DAD2-D6DD-4016-8C2A-C4D046792DC8} = {1726787D-6DCC-42B2-91B6-AE569B1EA595}
		{18E4713E-8761-4686-B18E-70CF3D5A452C} = {6E91DAD2-D6DD-4016-8C2A-C4D046792DC8}
		{C1DF6A24-DCA6-4F6F-ADEF-64502C77017B} = {1726787D-6DCC-42B2-91B6-AE569B1EA595}
		{93C7563C-8D33-4886-99A8-34922CD345F8} = {C1DF6A24-DCA6-4F6F-ADEF-64502C77017B}
		{1620A7C1-1ECA-46E9-9548-CAD3465B214C} = {1726787D-6DCC-42B2-91B6-AE569B1EA595}
		{CBAF4730-E1BD-47CA-8550-F650AAC54A2B} = {1620A7C1-1ECA-46E9-9548-CAD3465B214C}
		{ACAF0223-B237-4867-B1D3-FC31BB33C766} = {1620A7C1-1ECA-46E9-9548-CAD3465B214C}
		{699B6F4F-96F5-4A11-9E92-36EA2899F7AE} = {9C88CC9B-AF67-4236-92C0-D6B216931AA8}
		{F5FD7578-DD15-447A-951B-ECF4DE8C5922} = {B29E690F-7253-4330-8B88-2252820B205B}
		{D6C51402-653A-40B4-9AD3-2C084C37B419} = {9C88CC9B-AF67-4236-92C0-D6B216931AA8}
		{456E0E09-43B5-47C0-8F63-A710A04E2A99} = {9C88CC9B-AF67-4236-92C0-D6B216931AA8}
	EndGlobalSection
EndGlobal
